// !$*UTF8*$!
{
	archiveVersion = 1;
	classes = {
	};
	objectVersion = 50;
	objects = {

/* Begin PBXBuildFile section */
		CB8EA6502405035B0014F500 /* AppDelegate.swift in Sources */ = {isa = PBXBuildFile; fileRef = CB8EA64F2405035B0014F500 /* AppDelegate.swift */; };
		CB8EA6542405035B0014F500 /* ViewController.swift in Sources */ = {isa = PBXBuildFile; fileRef = CB8EA6532405035B0014F500 /* ViewController.swift */; };
		CB8EA6572405035B0014F500 /* Main.storyboard in Resources */ = {isa = PBXBuildFile; fileRef = CB8EA6552405035B0014F500 /* Main.storyboard */; };
		CB8EA6592405035B0014F500 /* Assets.xcassets in Resources */ = {isa = PBXBuildFile; fileRef = CB8EA6582405035B0014F500 /* Assets.xcassets */; };
		CB8EA65C2405035B0014F500 /* LaunchScreen.storyboard in Resources */ = {isa = PBXBuildFile; fileRef = CB8EA65A2405035B0014F500 /* LaunchScreen.storyboard */; };
		CB8EA6672405035C0014F500 /* LocalAuthTests.swift in Sources */ = {isa = PBXBuildFile; fileRef = CB8EA6662405035C0014F500 /* LocalAuthTests.swift */; };
		CB8EA6722405035C0014F500 /* LocalAuthUITests.swift in Sources */ = {isa = PBXBuildFile; fileRef = CB8EA6712405035C0014F500 /* LocalAuthUITests.swift */; };
		CB8EA680240503BE0014F500 /* FeatureListViewController.swift in Sources */ = {isa = PBXBuildFile; fileRef = CB8EA67F240503BE0014F500 /* FeatureListViewController.swift */; };
		CB8EA682240503EC0014F500 /* TouchIDAuthentication.swift in Sources */ = {isa = PBXBuildFile; fileRef = CB8EA681240503EC0014F500 /* TouchIDAuthentication.swift */; };
		CBB2DA0924052B0200F8F4DC /* LogHelper.swift in Sources */ = {isa = PBXBuildFile; fileRef = CBB2DA0824052B0200F8F4DC /* LogHelper.swift */; };
/* End PBXBuildFile section */

/* Begin PBXContainerItemProxy section */
		CB8EA6632405035C0014F500 /* PBXContainerItemProxy */ = {
			isa = PBXContainerItemProxy;
			containerPortal = CB8EA6442405035B0014F500 /* Project object */;
			proxyType = 1;
			remoteGlobalIDString = CB8EA64B2405035B0014F500;
			remoteInfo = LocalAuth;
		};
		CB8EA66E2405035C0014F500 /* PBXContainerItemProxy */ = {
			isa = PBXContainerItemProxy;
			containerPortal = CB8EA6442405035B0014F500 /* Project object */;
			proxyType = 1;
			remoteGlobalIDString = CB8EA64B2405035B0014F500;
			remoteInfo = LocalAuth;
		};
/* End PBXContainerItemProxy section */

/* Begin PBXFileReference section */
		CB8EA64C2405035B0014F500 /* LocalAuth.app */ = {isa = PBXFileReference; explicitFileType = wrapper.application; includeInIndex = 0; path = LocalAuth.app; sourceTree = BUILT_PRODUCTS_DIR; };
		CB8EA64F2405035B0014F500 /* AppDelegate.swift */ = {isa = PBXFileReference; lastKnownFileType = sourcecode.swift; path = AppDelegate.swift; sourceTree = "<group>"; };
		CB8EA6532405035B0014F500 /* ViewController.swift */ = {isa = PBXFileReference; lastKnownFileType = sourcecode.swift; path = ViewController.swift; sourceTree = "<group>"; };
		CB8EA6562405035B0014F500 /* Base */ = {isa = PBXFileReference; lastKnownFileType = file.storyboard; name = Base; path = Base.lproj/Main.storyboard; sourceTree = "<group>"; };
		CB8EA6582405035B0014F500 /* Assets.xcassets */ = {isa = PBXFileReference; lastKnownFileType = folder.assetcatalog; path = Assets.xcassets; sourceTree = "<group>"; };
		CB8EA65B2405035B0014F500 /* Base */ = {isa = PBXFileReference; lastKnownFileType = file.storyboard; name = Base; path = Base.lproj/LaunchScreen.storyboard; sourceTree = "<group>"; };
		CB8EA65D2405035B0014F500 /* Info.plist */ = {isa = PBXFileReference; lastKnownFileType = text.plist.xml; path = Info.plist; sourceTree = "<group>"; };
		CB8EA6622405035C0014F500 /* LocalAuthTests.xctest */ = {isa = PBXFileReference; explicitFileType = wrapper.cfbundle; includeInIndex = 0; path = LocalAuthTests.xctest; sourceTree = BUILT_PRODUCTS_DIR; };
		CB8EA6662405035C0014F500 /* LocalAuthTests.swift */ = {isa = PBXFileReference; lastKnownFileType = sourcecode.swift; path = LocalAuthTests.swift; sourceTree = "<group>"; };
		CB8EA6682405035C0014F500 /* Info.plist */ = {isa = PBXFileReference; lastKnownFileType = text.plist.xml; path = Info.plist; sourceTree = "<group>"; };
		CB8EA66D2405035C0014F500 /* LocalAuthUITests.xctest */ = {isa = PBXFileReference; explicitFileType = wrapper.cfbundle; includeInIndex = 0; path = LocalAuthUITests.xctest; sourceTree = BUILT_PRODUCTS_DIR; };
		CB8EA6712405035C0014F500 /* LocalAuthUITests.swift */ = {isa = PBXFileReference; lastKnownFileType = sourcecode.swift; path = LocalAuthUITests.swift; sourceTree = "<group>"; };
		CB8EA6732405035C0014F500 /* Info.plist */ = {isa = PBXFileReference; lastKnownFileType = text.plist.xml; path = Info.plist; sourceTree = "<group>"; };
		CB8EA67F240503BE0014F500 /* FeatureListViewController.swift */ = {isa = PBXFileReference; fileEncoding = 4; lastKnownFileType = sourcecode.swift; path = FeatureListViewController.swift; sourceTree = "<group>"; };
		CB8EA681240503EC0014F500 /* TouchIDAuthentication.swift */ = {isa = PBXFileReference; fileEncoding = 4; lastKnownFileType = sourcecode.swift; path = TouchIDAuthentication.swift; sourceTree = "<group>"; };
		CBB2DA0824052B0200F8F4DC /* LogHelper.swift */ = {isa = PBXFileReference; fileEncoding = 4; lastKnownFileType = sourcecode.swift; path = LogHelper.swift; sourceTree = "<group>"; };
/* End PBXFileReference section */

/* Begin PBXFrameworksBuildPhase section */
		CB8EA6492405035B0014F500 /* Frameworks */ = {
			isa = PBXFrameworksBuildPhase;
			buildActionMask = 2147483647;
			files = (
			);
			runOnlyForDeploymentPostprocessing = 0;
		};
		CB8EA65F2405035C0014F500 /* Frameworks */ = {
			isa = PBXFrameworksBuildPhase;
			buildActionMask = 2147483647;
			files = (
			);
			runOnlyForDeploymentPostprocessing = 0;
		};
		CB8EA66A2405035C0014F500 /* Frameworks */ = {
			isa = PBXFrameworksBuildPhase;
			buildActionMask = 2147483647;
			files = (
			);
			runOnlyForDeploymentPostprocessing = 0;
		};
/* End PBXFrameworksBuildPhase section */

/* Begin PBXGroup section */
		CB8EA6432405035B0014F500 = {
			isa = PBXGroup;
			children = (
				CB8EA64E2405035B0014F500 /* LocalAuth */,
				CB8EA6652405035C0014F500 /* LocalAuthTests */,
				CB8EA6702405035C0014F500 /* LocalAuthUITests */,
				CB8EA64D2405035B0014F500 /* Products */,
			);
			sourceTree = "<group>";
		};
		CB8EA64D2405035B0014F500 /* Products */ = {
			isa = PBXGroup;
			children = (
				CB8EA64C2405035B0014F500 /* LocalAuth.app */,
				CB8EA6622405035C0014F500 /* LocalAuthTests.xctest */,
				CB8EA66D2405035C0014F500 /* LocalAuthUITests.xctest */,
			);
			name = Products;
			sourceTree = "<group>";
		};
		CB8EA64E2405035B0014F500 /* LocalAuth */ = {
			isa = PBXGroup;
			children = (
				CBB2DA0824052B0200F8F4DC /* LogHelper.swift */,
				CB8EA681240503EC0014F500 /* TouchIDAuthentication.swift */,
				CB8EA64F2405035B0014F500 /* AppDelegate.swift */,
				CB8EA6532405035B0014F500 /* ViewController.swift */,
				CB8EA67F240503BE0014F500 /* FeatureListViewController.swift */,
				CB8EA6552405035B0014F500 /* Main.storyboard */,
				CB8EA6582405035B0014F500 /* Assets.xcassets */,
				CB8EA65A2405035B0014F500 /* LaunchScreen.storyboard */,
				CB8EA65D2405035B0014F500 /* Info.plist */,
			);
			path = LocalAuth;
			sourceTree = "<group>";
		};
		CB8EA6652405035C0014F500 /* LocalAuthTests */ = {
			isa = PBXGroup;
			children = (
				CB8EA6662405035C0014F500 /* LocalAuthTests.swift */,
				CB8EA6682405035C0014F500 /* Info.plist */,
			);
			path = LocalAuthTests;
			sourceTree = "<group>";
		};
		CB8EA6702405035C0014F500 /* LocalAuthUITests */ = {
			isa = PBXGroup;
			children = (
				CB8EA6712405035C0014F500 /* LocalAuthUITests.swift */,
				CB8EA6732405035C0014F500 /* Info.plist */,
			);
			path = LocalAuthUITests;
			sourceTree = "<group>";
		};
/* End PBXGroup section */

/* Begin PBXNativeTarget section */
		CB8EA64B2405035B0014F500 /* LocalAuth */ = {
			isa = PBXNativeTarget;
			buildConfigurationList = CB8EA6762405035C0014F500 /* Build configuration list for PBXNativeTarget "LocalAuth" */;
			buildPhases = (
				CB8EA6482405035B0014F500 /* Sources */,
				CB8EA6492405035B0014F500 /* Frameworks */,
				CB8EA64A2405035B0014F500 /* Resources */,
			);
			buildRules = (
			);
			dependencies = (
			);
			name = LocalAuth;
			productName = LocalAuth;
			productReference = CB8EA64C2405035B0014F500 /* LocalAuth.app */;
			productType = "com.apple.product-type.application";
		};
		CB8EA6612405035C0014F500 /* LocalAuthTests */ = {
			isa = PBXNativeTarget;
			buildConfigurationList = CB8EA6792405035C0014F500 /* Build configuration list for PBXNativeTarget "LocalAuthTests" */;
			buildPhases = (
				CB8EA65E2405035C0014F500 /* Sources */,
				CB8EA65F2405035C0014F500 /* Frameworks */,
				CB8EA6602405035C0014F500 /* Resources */,
			);
			buildRules = (
			);
			dependencies = (
				CB8EA6642405035C0014F500 /* PBXTargetDependency */,
			);
			name = LocalAuthTests;
			productName = LocalAuthTests;
			productReference = CB8EA6622405035C0014F500 /* LocalAuthTests.xctest */;
			productType = "com.apple.product-type.bundle.unit-test";
		};
		CB8EA66C2405035C0014F500 /* LocalAuthUITests */ = {
			isa = PBXNativeTarget;
			buildConfigurationList = CB8EA67C2405035C0014F500 /* Build configuration list for PBXNativeTarget "LocalAuthUITests" */;
			buildPhases = (
				CB8EA6692405035C0014F500 /* Sources */,
				CB8EA66A2405035C0014F500 /* Frameworks */,
				CB8EA66B2405035C0014F500 /* Resources */,
			);
			buildRules = (
			);
			dependencies = (
				CB8EA66F2405035C0014F500 /* PBXTargetDependency */,
			);
			name = LocalAuthUITests;
			productName = LocalAuthUITests;
			productReference = CB8EA66D2405035C0014F500 /* LocalAuthUITests.xctest */;
			productType = "com.apple.product-type.bundle.ui-testing";
		};
/* End PBXNativeTarget section */

/* Begin PBXProject section */
		CB8EA6442405035B0014F500 /* Project object */ = {
			isa = PBXProject;
			attributes = {
				LastSwiftUpdateCheck = 1130;
				LastUpgradeCheck = 1130;
				ORGANIZATIONNAME = "Ashish Awasthi";
				TargetAttributes = {
					CB8EA64B2405035B0014F500 = {
						CreatedOnToolsVersion = 11.3.1;
					};
					CB8EA6612405035C0014F500 = {
						CreatedOnToolsVersion = 11.3.1;
						TestTargetID = CB8EA64B2405035B0014F500;
					};
					CB8EA66C2405035C0014F500 = {
						CreatedOnToolsVersion = 11.3.1;
						TestTargetID = CB8EA64B2405035B0014F500;
					};
				};
			};
			buildConfigurationList = CB8EA6472405035B0014F500 /* Build configuration list for PBXProject "LocalAuth" */;
			compatibilityVersion = "Xcode 9.3";
			developmentRegion = en;
			hasScannedForEncodings = 0;
			knownRegions = (
				en,
				Base,
			);
			mainGroup = CB8EA6432405035B0014F500;
			productRefGroup = CB8EA64D2405035B0014F500 /* Products */;
			projectDirPath = "";
			projectRoot = "";
			targets = (
				CB8EA64B2405035B0014F500 /* LocalAuth */,
				CB8EA6612405035C0014F500 /* LocalAuthTests */,
				CB8EA66C2405035C0014F500 /* LocalAuthUITests */,
			);
		};
/* End PBXProject section */

/* Begin PBXResourcesBuildPhase section */
		CB8EA64A2405035B0014F500 /* Resources */ = {
			isa = PBXResourcesBuildPhase;
			buildActionMask = 2147483647;
			files = (
				CB8EA65C2405035B0014F500 /* LaunchScreen.storyboard in Resources */,
				CB8EA6592405035B0014F500 /* Assets.xcassets in Resources */,
				CB8EA6572405035B0014F500 /* Main.storyboard in Resources */,
			);
			runOnlyForDeploymentPostprocessing = 0;
		};
		CB8EA6602405035C0014F500 /* Resources */ = {
			isa = PBXResourcesBuildPhase;
			buildActionMask = 2147483647;
			files = (
			);
			runOnlyForDeploymentPostprocessing = 0;
		};
		CB8EA66B2405035C0014F500 /* Resources */ = {
			isa = PBXResourcesBuildPhase;
			buildActionMask = 2147483647;
			files = (
			);
			runOnlyForDeploymentPostprocessing = 0;
		};
/* End PBXResourcesBuildPhase section */

/* Begin PBXSourcesBuildPhase section */
		CB8EA6482405035B0014F500 /* Sources */ = {
			isa = PBXSourcesBuildPhase;
			buildActionMask = 2147483647;
			files = (
				CB8EA6542405035B0014F500 /* ViewController.swift in Sources */,
				CBB2DA0924052B0200F8F4DC /* LogHelper.swift in Sources */,
				CB8EA6502405035B0014F500 /* AppDelegate.swift in Sources */,
				CB8EA682240503EC0014F500 /* TouchIDAuthentication.swift in Sources */,
				CB8EA680240503BE0014F500 /* FeatureListViewController.swift in Sources */,
			);
			runOnlyForDeploymentPostprocessing = 0;
		};
		CB8EA65E2405035C0014F500 /* Sources */ = {
			isa = PBXSourcesBuildPhase;
			buildActionMask = 2147483647;
			files = (
				CB8EA6672405035C0014F500 /* LocalAuthTests.swift in Sources */,
			);
			runOnlyForDeploymentPostprocessing = 0;
		};
		CB8EA6692405035C0014F500 /* Sources */ = {
			isa = PBXSourcesBuildPhase;
			buildActionMask = 2147483647;
			files = (
				CB8EA6722405035C0014F500 /* LocalAuthUITests.swift in Sources */,
			);
			runOnlyForDeploymentPostprocessing = 0;
		};
/* End PBXSourcesBuildPhase section */

/* Begin PBXTargetDependency section */
		CB8EA6642405035C0014F500 /* PBXTargetDependency */ = {
			isa = PBXTargetDependency;
			target = CB8EA64B2405035B0014F500 /* LocalAuth */;
			targetProxy = CB8EA6632405035C0014F500 /* PBXContainerItemProxy */;
		};
		CB8EA66F2405035C0014F500 /* PBXTargetDependency */ = {
			isa = PBXTargetDependency;
			target = CB8EA64B2405035B0014F500 /* LocalAuth */;
			targetProxy = CB8EA66E2405035C0014F500 /* PBXContainerItemProxy */;
		};
/* End PBXTargetDependency section */

/* Begin PBXVariantGroup section */
		CB8EA6552405035B0014F500 /* Main.storyboard */ = {
			isa = PBXVariantGroup;
			children = (
				CB8EA6562405035B0014F500 /* Base */,
			);
			name = Main.storyboard;
			sourceTree = "<group>";
		};
		CB8EA65A2405035B0014F500 /* LaunchScreen.storyboard */ = {
			isa = PBXVariantGroup;
			children = (
				CB8EA65B2405035B0014F500 /* Base */,
			);
			name = LaunchScreen.storyboard;
			sourceTree = "<group>";
		};
/* End PBXVariantGroup section */

/* Begin XCBuildConfiguration section */
		CB8EA6742405035C0014F500 /* Debug */ = {
			isa = XCBuildConfiguration;
			buildSettings = {
				ALWAYS_SEARCH_USER_PATHS = NO;
				CLANG_ANALYZER_NONNULL = YES;
				CLANG_ANALYZER_NUMBER_OBJECT_CONVERSION = YES_AGGRESSIVE;
				CLANG_CXX_LANGUAGE_STANDARD = "gnu++14";
				CLANG_CXX_LIBRARY = "libc++";
				CLANG_ENABLE_MODULES = YES;
				CLANG_ENABLE_OBJC_ARC = YES;
				CLANG_ENABLE_OBJC_WEAK = YES;
				CLANG_WARN_BLOCK_CAPTURE_AUTORELEASING = YES;
				CLANG_WARN_BOOL_CONVERSION = YES;
				CLANG_WARN_COMMA = YES;
				CLANG_WARN_CONSTANT_CONVERSION = YES;
				CLANG_WARN_DEPRECATED_OBJC_IMPLEMENTATIONS = YES;
				CLANG_WARN_DIRECT_OBJC_ISA_USAGE = YES_ERROR;
				CLANG_WARN_DOCUMENTATION_COMMENTS = YES;
				CLANG_WARN_EMPTY_BODY = YES;
				CLANG_WARN_ENUM_CONVERSION = YES;
				CLANG_WARN_INFINITE_RECURSION = YES;
				CLANG_WARN_INT_CONVERSION = YES;
				CLANG_WARN_NON_LITERAL_NULL_CONVERSION = YES;
				CLANG_WARN_OBJC_IMPLICIT_RETAIN_SELF = YES;
				CLANG_WARN_OBJC_LITERAL_CONVERSION = YES;
				CLANG_WARN_OBJC_ROOT_CLASS = YES_ERROR;
				CLANG_WARN_RANGE_LOOP_ANALYSIS = YES;
				CLANG_WARN_STRICT_PROTOTYPES = YES;
				CLANG_WARN_SUSPICIOUS_MOVE = YES;
				CLANG_WARN_UNGUARDED_AVAILABILITY = YES_AGGRESSIVE;
				CLANG_WARN_UNREACHABLE_CODE = YES;
				CLANG_WARN__DUPLICATE_METHOD_MATCH = YES;
				COPY_PHASE_STRIP = NO;
				DEBUG_INFORMATION_FORMAT = dwarf;
				ENABLE_STRICT_OBJC_MSGSEND = YES;
				ENABLE_TESTABILITY = YES;
				GCC_C_LANGUAGE_STANDARD = gnu11;
				GCC_DYNAMIC_NO_PIC = NO;
				GCC_NO_COMMON_BLOCKS = YES;
				GCC_OPTIMIZATION_LEVEL = 0;
				GCC_PREPROCESSOR_DEFINITIONS = (
					"DEBUG=1",
					"$(inherited)",
				);
				GCC_WARN_64_TO_32_BIT_CONVERSION = YES;
				GCC_WARN_ABOUT_RETURN_TYPE = YES_ERROR;
				GCC_WARN_UNDECLARED_SELECTOR = YES;
				GCC_WARN_UNINITIALIZED_AUTOS = YES_AGGRESSIVE;
				GCC_WARN_UNUSED_FUNCTION = YES;
				GCC_WARN_UNUSED_VARIABLE = YES;
				IPHONEOS_DEPLOYMENT_TARGET = 13.2;
				MTL_ENABLE_DEBUG_INFO = INCLUDE_SOURCE;
				MTL_FAST_MATH = YES;
				ONLY_ACTIVE_ARCH = YES;
				SDKROOT = iphoneos;
				SWIFT_ACTIVE_COMPILATION_CONDITIONS = DEBUG;
				SWIFT_OPTIMIZATION_LEVEL = "-Onone";
			};
			name = Debug;
		};
		CB8EA6752405035C0014F500 /* Release */ = {
			isa = XCBuildConfiguration;
			buildSettings = {
				ALWAYS_SEARCH_USER_PATHS = NO;
				CLANG_ANALYZER_NONNULL = YES;
				CLANG_ANALYZER_NUMBER_OBJECT_CONVERSION = YES_AGGRESSIVE;
				CLANG_CXX_LANGUAGE_STANDARD = "gnu++14";
				CLANG_CXX_LIBRARY = "libc++";
				CLANG_ENABLE_MODULES = YES;
				CLANG_ENABLE_OBJC_ARC = YES;
				CLANG_ENABLE_OBJC_WEAK = YES;
				CLANG_WARN_BLOCK_CAPTURE_AUTORELEASING = YES;
				CLANG_WARN_BOOL_CONVERSION = YES;
				CLANG_WARN_COMMA = YES;
				CLANG_WARN_CONSTANT_CONVERSION = YES;
				CLANG_WARN_DEPRECATED_OBJC_IMPLEMENTATIONS = YES;
				CLANG_WARN_DIRECT_OBJC_ISA_USAGE = YES_ERROR;
				CLANG_WARN_DOCUMENTATION_COMMENTS = YES;
				CLANG_WARN_EMPTY_BODY = YES;
				CLANG_WARN_ENUM_CONVERSION = YES;
				CLANG_WARN_INFINITE_RECURSION = YES;
				CLANG_WARN_INT_CONVERSION = YES;
				CLANG_WARN_NON_LITERAL_NULL_CONVERSION = YES;
				CLANG_WARN_OBJC_IMPLICIT_RETAIN_SELF = YES;
				CLANG_WARN_OBJC_LITERAL_CONVERSION = YES;
				CLANG_WARN_OBJC_ROOT_CLASS = YES_ERROR;
				CLANG_WARN_RANGE_LOOP_ANALYSIS = YES;
				CLANG_WARN_STRICT_PROTOTYPES = YES;
				CLANG_WARN_SUSPICIOUS_MOVE = YES;
				CLANG_WARN_UNGUARDED_AVAILABILITY = YES_AGGRESSIVE;
				CLANG_WARN_UNREACHABLE_CODE = YES;
				CLANG_WARN__DUPLICATE_METHOD_MATCH = YES;
				COPY_PHASE_STRIP = NO;
				DEBUG_INFORMATION_FORMAT = "dwarf-with-dsym";
				ENABLE_NS_ASSERTIONS = NO;
				ENABLE_STRICT_OBJC_MSGSEND = YES;
				GCC_C_LANGUAGE_STANDARD = gnu11;
				GCC_NO_COMMON_BLOCKS = YES;
				GCC_WARN_64_TO_32_BIT_CONVERSION = YES;
				GCC_WARN_ABOUT_RETURN_TYPE = YES_ERROR;
				GCC_WARN_UNDECLARED_SELECTOR = YES;
				GCC_WARN_UNINITIALIZED_AUTOS = YES_AGGRESSIVE;
				GCC_WARN_UNUSED_FUNCTION = YES;
				GCC_WARN_UNUSED_VARIABLE = YES;
				IPHONEOS_DEPLOYMENT_TARGET = 13.2;
				MTL_ENABLE_DEBUG_INFO = NO;
				MTL_FAST_MATH = YES;
				SDKROOT = iphoneos;
				SWIFT_COMPILATION_MODE = wholemodule;
				SWIFT_OPTIMIZATION_LEVEL = "-O";
				VALIDATE_PRODUCT = YES;
			};
			name = Release;
		};
		CB8EA6772405035C0014F500 /* Debug */ = {
			isa = XCBuildConfiguration;
			buildSettings = {
				ASSETCATALOG_COMPILER_APPICON_NAME = AppIcon;
				CODE_SIGN_IDENTITY = "iPhone Developer";
				CODE_SIGN_STYLE = Manual;
				DEVELOPMENT_TEAM = 5NV8XFN9EY;
				INFOPLIST_FILE = LocalAuth/Info.plist;
				IPHONEOS_DEPLOYMENT_TARGET = 11.0;
				LD_RUNPATH_SEARCH_PATHS = (
					"$(inherited)",
					"@executable_path/Frameworks",
				);
				PRODUCT_BUNDLE_IDENTIFIER = com.harman.ignite;
				PRODUCT_NAME = "$(TARGET_NAME)";
				PROVISIONING_PROFILE_SPECIFIER = "Harman Ignite Dev";
				SWIFT_VERSION = 5.0;
				TARGETED_DEVICE_FAMILY = "1,2";
			};
			name = Debug;
		};
		CB8EA6782405035C0014F500 /* Release */ = {
			isa = XCBuildConfiguration;
			buildSettings = {
				ASSETCATALOG_COMPILER_APPICON_NAME = AppIcon;
				CODE_SIGN_IDENTITY = "iPhone Developer";
				CODE_SIGN_STYLE = Manual;
				DEVELOPMENT_TEAM = 5NV8XFN9EY;
				INFOPLIST_FILE = LocalAuth/Info.plist;
				IPHONEOS_DEPLOYMENT_TARGET = 11.0;
				LD_RUNPATH_SEARCH_PATHS = (
					"$(inherited)",
					"@executable_path/Frameworks",
				);
				PRODUCT_BUNDLE_IDENTIFIER = com.harman.ignite;
				PRODUCT_NAME = "$(TARGET_NAME)";
				PROVISIONING_PROFILE_SPECIFIER = "Harman Ignite Dev";
				SWIFT_VERSION = 5.0;
				TARGETED_DEVICE_FAMILY = "1,2";
			};
			name = Release;
		};
		CB8EA67A2405035C0014F500 /* Debug */ = {
			isa = XCBuildConfiguration;
			buildSettings = {
				ALWAYS_EMBED_SWIFT_STANDARD_LIBRARIES = YES;
				BUNDLE_LOADER = "$(TEST_HOST)";
				CODE_SIGN_STYLE = Automatic;
				DEVELOPMENT_TEAM = 3847847G6R;
				INFOPLIST_FILE = LocalAuthTests/Info.plist;
				IPHONEOS_DEPLOYMENT_TARGET = 13.2;
				LD_RUNPATH_SEARCH_PATHS = (
					"$(inherited)",
					"@executable_path/Frameworks",
					"@loader_path/Frameworks",
				);
				PRODUCT_BUNDLE_IDENTIFIER = come.harman.ignite.LocalAuthTests;
				PRODUCT_NAME = "$(TARGET_NAME)";
				SWIFT_VERSION = 5.0;
				TARGETED_DEVICE_FAMILY = "1,2";
				TEST_HOST = "$(BUILT_PRODUCTS_DIR)/LocalAuth.app/LocalAuth";
			};
			name = Debug;
		};
		CB8EA67B2405035C0014F500 /* Release */ = {
			isa = XCBuildConfiguration;
			buildSettings = {
				ALWAYS_EMBED_SWIFT_STANDARD_LIBRARIES = YES;
				BUNDLE_LOADER = "$(TEST_HOST)";
				CODE_SIGN_STYLE = Automatic;
				DEVELOPMENT_TEAM = 3847847G6R;
				INFOPLIST_FILE = LocalAuthTests/Info.plist;
				IPHONEOS_DEPLOYMENT_TARGET = 13.2;
				LD_RUNPATH_SEARCH_PATHS = (
					"$(inherited)",
					"@executable_path/Frameworks",
					"@loader_path/Frameworks",
				);
				PRODUCT_BUNDLE_IDENTIFIER = come.harman.ignite.LocalAuthTests;
				PRODUCT_NAME = "$(TARGET_NAME)";
				SWIFT_VERSION = 5.0;
				TARGETED_DEVICE_FAMILY = "1,2";
				TEST_HOST = "$(BUILT_PRODUCTS_DIR)/LocalAuth.app/LocalAuth";
			};
			name = Release;
		};
		CB8EA67D2405035C0014F500 /* Debug */ = {
			isa = XCBuildConfiguration;
			buildSettings = {
				ALWAYS_EMBED_SWIFT_STANDARD_LIBRARIES = YES;
				CODE_SIGN_STYLE = Automatic;
				DEVELOPMENT_TEAM = 3847847G6R;
				INFOPLIST_FILE = LocalAuthUITests/Info.plist;
				LD_RUNPATH_SEARCH_PATHS = (
					"$(inherited)",
					"@executable_path/Frameworks",
					"@loader_path/Frameworks",
				);
				PRODUCT_BUNDLE_IDENTIFIER = come.harman.ignite.LocalAuthUITests;
				PRODUCT_NAME = "$(TARGET_NAME)";
				SWIFT_VERSION = 5.0;
				TARGETED_DEVICE_FAMILY = "1,2";
				TEST_TARGET_NAME = LocalAuth;
			};
			name = Debug;
		};
		CB8EA67E2405035C0014F500 /* Release */ = {
			isa = XCBuildConfiguration;
			buildSettings = {
				ALWAYS_EMBED_SWIFT_STANDARD_LIBRARIES = YES;
				CODE_SIGN_STYLE = Automatic;
				DEVELOPMENT_TEAM = 3847847G6R;
				INFOPLIST_FILE = LocalAuthUITests/Info.plist;
				LD_RUNPATH_SEARCH_PATHS = (
					"$(inherited)",
					"@executable_path/Frameworks",
					"@loader_path/Frameworks",
				);
				PRODUCT_BUNDLE_IDENTIFIER = come.harman.ignite.LocalAuthUITests;
				PRODUCT_NAME = "$(TARGET_NAME)";
				SWIFT_VERSION = 5.0;
				TARGETED_DEVICE_FAMILY = "1,2";
				TEST_TARGET_NAME = LocalAuth;
			};
			name = Release;
		};
/* End XCBuildConfiguration section */

/* Begin XCConfigurationList section */
		CB8EA6472405035B0014F500 /* Build configuration list for PBXProject "LocalAuth" */ = {
			isa = XCConfigurationList;
			buildConfigurations = (
				CB8EA6742405035C0014F500 /* Debug */,
				CB8EA6752405035C0014F500 /* Release */,
			);
			defaultConfigurationIsVisible = 0;
			defaultConfigurationName = Release;
		};
		CB8EA6762405035C0014F500 /* Build configuration list for PBXNativeTarget "LocalAuth" */ = {
			isa = XCConfigurationList;
			buildConfigurations = (
				CB8EA6772405035C0014F500 /* Debug */,
				CB8EA6782405035C0014F500 /* Release */,
			);
			defaultConfigurationIsVisible = 0;
			defaultConfigurationName = Release;
		};
		CB8EA6792405035C0014F500 /* Build configuration list for PBXNativeTarget "LocalAuthTests" */ = {
			isa = XCConfigurationList;
			buildConfigurations = (
				CB8EA67A2405035C0014F500 /* Debug */,
				CB8EA67B2405035C0014F500 /* Release */,
			);
			defaultConfigurationIsVisible = 0;
			defaultConfigurationName = Release;
		};
		CB8EA67C2405035C0014F500 /* Build configuration list for PBXNativeTarget "LocalAuthUITests" */ = {
			isa = XCConfigurationList;
			buildConfigurations = (
				CB8EA67D2405035C0014F500 /* Debug */,
				CB8EA67E2405035C0014F500 /* Release */,
			);
			defaultConfigurationIsVisible = 0;
			defaultConfigurationName = Release;
		};
/* End XCConfigurationList section */
	};
	rootObject = CB8EA6442405035B0014F500 /* Project object */;
}
